
Microsoft Visual Studio Solution File, Format Version 12.00
# Visual Studio Version 16
VisualStudioVersion = 16.0.31229.75
MinimumVisualStudioVersion = 10.0.40219.1
Project("{FAE04EC0-301F-11D3-BF4B-00C04F79EFBC}") = "CodeAssessment_Alexander-Javad", "CodeAssessment_Alexander-Javad.csproj", "{21EA418C-7C29-443A-AC97-EA97B4776C4F}"
EndProject
Global
	GlobalSection(SolutionConfigurationPlatforms) = preSolution
		Debug|Any CPU = Debug|Any CPU
		Release|Any CPU = Release|Any CPU
	EndGlobalSection
	GlobalSection(ProjectConfigurationPlatforms) = postSolution
		{21EA418C-7C29-443A-AC97-EA97B4776C4F}.Debug|Any CPU.ActiveCfg = Debug|Any CPU
		{21EA418C-7C29-443A-AC97-EA97B4776C4F}.Debug|Any CPU.Build.0 = Debug|Any CPU
		{21EA418C-7C29-443A-AC97-EA97B4776C4F}.Release|Any CPU.ActiveCfg = Release|Any CPU
		{21EA418C-7C29-443A-AC97-EA97B4776C4F}.Release|Any CPU.Build.0 = Release|Any CPU
	EndGlobalSection
	GlobalSection(SolutionProperties) = preSolution
		HideSolutionNode = FALSE
	EndGlobalSection
	GlobalSection(ExtensibilityGlobals) = postSolution
		SolutionGuid = {5850D70D-9B63-4D89-B574-46D391A40D51}
	EndGlobalSection
EndGlobal
